// !$*UTF8*$!
{
	archiveVersion = 1;
	classes = {
	};
	objectVersion = 56;
	objects = {

/* Begin PBXBuildFile section */
		E81B79262B02AC5400A572A4 /* FeaturedMealsView.swift in Sources */ = {isa = PBXBuildFile; fileRef = E81B79252B02AC5400A572A4 /* FeaturedMealsView.swift */; };
		E81B79282B02AC7D00A572A4 /* CustomLabelView.swift in Sources */ = {isa = PBXBuildFile; fileRef = E81B79272B02AC7D00A572A4 /* CustomLabelView.swift */; };
		E81B792A2B02AD0C00A572A4 /* SingleMealCardView.swift in Sources */ = {isa = PBXBuildFile; fileRef = E81B79292B02AD0C00A572A4 /* SingleMealCardView.swift */; };
		E81B792C2B02F8B600A572A4 /* RoundedCornersImageView.swift in Sources */ = {isa = PBXBuildFile; fileRef = E81B792B2B02F8B600A572A4 /* RoundedCornersImageView.swift */; };
		E81B792E2B0302A200A572A4 /* FeaturedMealPopUp.swift in Sources */ = {isa = PBXBuildFile; fileRef = E81B792D2B0302A200A572A4 /* FeaturedMealPopUp.swift */; };
		E81B79302B03051A00A572A4 /* CustomPillSUButton.swift in Sources */ = {isa = PBXBuildFile; fileRef = E81B792F2B03051A00A572A4 /* CustomPillSUButton.swift */; };
		E81B79332B03079700A572A4 /* Meals.swift in Sources */ = {isa = PBXBuildFile; fileRef = E81B79322B03079700A572A4 /* Meals.swift */; };
		E81B79362B03081C00A572A4 /* TabBarView.swift in Sources */ = {isa = PBXBuildFile; fileRef = E81B79352B03081C00A572A4 /* TabBarView.swift */; };
		E81B79392B030D8E00A572A4 /* FavoriteManager.swift in Sources */ = {isa = PBXBuildFile; fileRef = E81B79382B030D8E00A572A4 /* FavoriteManager.swift */; };
		E81B793B2B030E5700A572A4 /* DessertDetailView.swift in Sources */ = {isa = PBXBuildFile; fileRef = E81B793A2B030E5700A572A4 /* DessertDetailView.swift */; };
		E81B793E2B03140000A572A4 /* Favorites.swift in Sources */ = {isa = PBXBuildFile; fileRef = E81B793D2B03140000A572A4 /* Favorites.swift */; };
		E81B79412B03172A00A572A4 /* NetworkManager.swift in Sources */ = {isa = PBXBuildFile; fileRef = E81B79402B03172A00A572A4 /* NetworkManager.swift */; };
		E81B79432B0318EB00A572A4 /* DessertListView.swift in Sources */ = {isa = PBXBuildFile; fileRef = E81B79422B0318EB00A572A4 /* DessertListView.swift */; };
		E8A54CBD2B02593E0008AE50 /* DesertsLoversApp.swift in Sources */ = {isa = PBXBuildFile; fileRef = E8A54CBC2B02593E0008AE50 /* DesertsLoversApp.swift */; };
		E8A54CBF2B02593E0008AE50 /* ContentView.swift in Sources */ = {isa = PBXBuildFile; fileRef = E8A54CBE2B02593E0008AE50 /* ContentView.swift */; };
		E8A54CC12B0259460008AE50 /* Assets.xcassets in Resources */ = {isa = PBXBuildFile; fileRef = E8A54CC02B0259460008AE50 /* Assets.xcassets */; };
		E8A54CC42B0259460008AE50 /* Preview Assets.xcassets in Resources */ = {isa = PBXBuildFile; fileRef = E8A54CC32B0259460008AE50 /* Preview Assets.xcassets */; };
		E8A54CCB2B0259BC0008AE50 /* Home.swift in Sources */ = {isa = PBXBuildFile; fileRef = E8A54CCA2B0259BB0008AE50 /* Home.swift */; };
		E8A54CCD2B025A490008AE50 /* AppViewModel.swift in Sources */ = {isa = PBXBuildFile; fileRef = E8A54CCC2B025A490008AE50 /* AppViewModel.swift */; };
/* End PBXBuildFile section */

/* Begin PBXFileReference section */
		E81B79252B02AC5400A572A4 /* FeaturedMealsView.swift */ = {isa = PBXFileReference; fileEncoding = 4; lastKnownFileType = sourcecode.swift; path = FeaturedMealsView.swift; sourceTree = "<group>"; };
		E81B79272B02AC7D00A572A4 /* CustomLabelView.swift */ = {isa = PBXFileReference; fileEncoding = 4; lastKnownFileType = sourcecode.swift; path = CustomLabelView.swift; sourceTree = "<group>"; };
		E81B79292B02AD0C00A572A4 /* SingleMealCardView.swift */ = {isa = PBXFileReference; fileEncoding = 4; lastKnownFileType = sourcecode.swift; path = SingleMealCardView.swift; sourceTree = "<group>"; };
		E81B792B2B02F8B600A572A4 /* RoundedCornersImageView.swift */ = {isa = PBXFileReference; fileEncoding = 4; lastKnownFileType = sourcecode.swift; path = RoundedCornersImageView.swift; sourceTree = "<group>"; };
		E81B792D2B0302A200A572A4 /* FeaturedMealPopUp.swift */ = {isa = PBXFileReference; fileEncoding = 4; lastKnownFileType = sourcecode.swift; path = FeaturedMealPopUp.swift; sourceTree = "<group>"; };
		E81B792F2B03051A00A572A4 /* CustomPillSUButton.swift */ = {isa = PBXFileReference; fileEncoding = 4; lastKnownFileType = sourcecode.swift; path = CustomPillSUButton.swift; sourceTree = "<group>"; };
		E81B79322B03079700A572A4 /* Meals.swift */ = {isa = PBXFileReference; lastKnownFileType = sourcecode.swift; path = Meals.swift; sourceTree = "<group>"; };
		E81B79352B03081C00A572A4 /* TabBarView.swift */ = {isa = PBXFileReference; lastKnownFileType = sourcecode.swift; path = TabBarView.swift; sourceTree = "<group>"; };
		E81B79382B030D8E00A572A4 /* FavoriteManager.swift */ = {isa = PBXFileReference; lastKnownFileType = sourcecode.swift; path = FavoriteManager.swift; sourceTree = "<group>"; };
		E81B793A2B030E5700A572A4 /* DessertDetailView.swift */ = {isa = PBXFileReference; lastKnownFileType = sourcecode.swift; path = DessertDetailView.swift; sourceTree = "<group>"; };
		E81B793D2B03140000A572A4 /* Favorites.swift */ = {isa = PBXFileReference; lastKnownFileType = sourcecode.swift; path = Favorites.swift; sourceTree = "<group>"; };
		E81B79402B03172A00A572A4 /* NetworkManager.swift */ = {isa = PBXFileReference; lastKnownFileType = sourcecode.swift; path = NetworkManager.swift; sourceTree = "<group>"; };
		E81B79422B0318EB00A572A4 /* DessertListView.swift */ = {isa = PBXFileReference; lastKnownFileType = sourcecode.swift; path = DessertListView.swift; sourceTree = "<group>"; };
		E8A54CB92B02593E0008AE50 /* DesertsLovers.app */ = {isa = PBXFileReference; explicitFileType = wrapper.application; includeInIndex = 0; path = DesertsLovers.app; sourceTree = BUILT_PRODUCTS_DIR; };
		E8A54CBC2B02593E0008AE50 /* DesertsLoversApp.swift */ = {isa = PBXFileReference; lastKnownFileType = sourcecode.swift; path = DesertsLoversApp.swift; sourceTree = "<group>"; };
		E8A54CBE2B02593E0008AE50 /* ContentView.swift */ = {isa = PBXFileReference; lastKnownFileType = sourcecode.swift; path = ContentView.swift; sourceTree = "<group>"; };
		E8A54CC02B0259460008AE50 /* Assets.xcassets */ = {isa = PBXFileReference; lastKnownFileType = folder.assetcatalog; path = Assets.xcassets; sourceTree = "<group>"; };
		E8A54CC32B0259460008AE50 /* Preview Assets.xcassets */ = {isa = PBXFileReference; lastKnownFileType = folder.assetcatalog; path = "Preview Assets.xcassets"; sourceTree = "<group>"; };
		E8A54CCA2B0259BB0008AE50 /* Home.swift */ = {isa = PBXFileReference; lastKnownFileType = sourcecode.swift; path = Home.swift; sourceTree = "<group>"; };
		E8A54CCC2B025A490008AE50 /* AppViewModel.swift */ = {isa = PBXFileReference; lastKnownFileType = sourcecode.swift; path = AppViewModel.swift; sourceTree = "<group>"; };
/* End PBXFileReference section */

/* Begin PBXFrameworksBuildPhase section */
		E8A54CB62B02593E0008AE50 /* Frameworks */ = {
			isa = PBXFrameworksBuildPhase;
			buildActionMask = 2147483647;
			files = (
			);
			runOnlyForDeploymentPostprocessing = 0;
		};
/* End PBXFrameworksBuildPhase section */

/* Begin PBXGroup section */
		E81B79312B03077600A572A4 /* Models */ = {
			isa = PBXGroup;
			children = (
				E81B79322B03079700A572A4 /* Meals.swift */,
			);
			path = Models;
			sourceTree = "<group>";
		};
		E81B79342B03080000A572A4 /* Navigation */ = {
			isa = PBXGroup;
			children = (
				E81B79352B03081C00A572A4 /* TabBarView.swift */,
			);
			path = Navigation;
			sourceTree = "<group>";
		};
		E81B79372B030D6000A572A4 /* ViewModels */ = {
			isa = PBXGroup;
			children = (
				E8A54CCC2B025A490008AE50 /* AppViewModel.swift */,
				E81B79382B030D8E00A572A4 /* FavoriteManager.swift */,
				E81B79402B03172A00A572A4 /* NetworkManager.swift */,
			);
			path = ViewModels;
			sourceTree = "<group>";
		};
		E81B793C2B03139D00A572A4 /* Screens */ = {
			isa = PBXGroup;
			children = (
				E8A54CCA2B0259BB0008AE50 /* Home.swift */,
				E81B793D2B03140000A572A4 /* Favorites.swift */,
			);
			path = Screens;
			sourceTree = "<group>";
		};
		E81B793F2B03168600A572A4 /* Views */ = {
			isa = PBXGroup;
			children = (
				E81B792B2B02F8B600A572A4 /* RoundedCornersImageView.swift */,
				E81B793A2B030E5700A572A4 /* DessertDetailView.swift */,
				E81B79292B02AD0C00A572A4 /* SingleMealCardView.swift */,
				E81B79272B02AC7D00A572A4 /* CustomLabelView.swift */,
				E81B79252B02AC5400A572A4 /* FeaturedMealsView.swift */,
				E81B792D2B0302A200A572A4 /* FeaturedMealPopUp.swift */,
				E81B792F2B03051A00A572A4 /* CustomPillSUButton.swift */,
				E81B79422B0318EB00A572A4 /* DessertListView.swift */,
			);
			path = Views;
			sourceTree = "<group>";
		};
		E8A54CB02B02593E0008AE50 = {
			isa = PBXGroup;
			children = (
				E8A54CBB2B02593E0008AE50 /* DesertsLovers */,
				E8A54CBA2B02593E0008AE50 /* Products */,
			);
			sourceTree = "<group>";
		};
		E8A54CBA2B02593E0008AE50 /* Products */ = {
			isa = PBXGroup;
			children = (
				E8A54CB92B02593E0008AE50 /* DesertsLovers.app */,
			);
			name = Products;
			sourceTree = "<group>";
		};
		E8A54CBB2B02593E0008AE50 /* DesertsLovers */ = {
			isa = PBXGroup;
			children = (
				E8A54CBC2B02593E0008AE50 /* DesertsLoversApp.swift */,
				E8A54CBE2B02593E0008AE50 /* ContentView.swift */,
				E81B79372B030D6000A572A4 /* ViewModels */,
				E81B79312B03077600A572A4 /* Models */,
				E81B79342B03080000A572A4 /* Navigation */,
				E81B793F2B03168600A572A4 /* Views */,
				E81B793C2B03139D00A572A4 /* Screens */,
				E8A54CC02B0259460008AE50 /* Assets.xcassets */,
				E8A54CC22B0259460008AE50 /* Preview Content */,
			);
			path = DesertsLovers;
			sourceTree = "<group>";
		};
		E8A54CC22B0259460008AE50 /* Preview Content */ = {
			isa = PBXGroup;
			children = (
				E8A54CC32B0259460008AE50 /* Preview Assets.xcassets */,
			);
			path = "Preview Content";
			sourceTree = "<group>";
		};
/* End PBXGroup section */

/* Begin PBXNativeTarget section */
		E8A54CB82B02593E0008AE50 /* DesertsLovers */ = {
			isa = PBXNativeTarget;
			buildConfigurationList = E8A54CC72B0259460008AE50 /* Build configuration list for PBXNativeTarget "DesertsLovers" */;
			buildPhases = (
				E8A54CB52B02593E0008AE50 /* Sources */,
				E8A54CB62B02593E0008AE50 /* Frameworks */,
				E8A54CB72B02593E0008AE50 /* Resources */,
			);
			buildRules = (
			);
			dependencies = (
			);
			name = DesertsLovers;
			packageProductDependencies = (
			);
			productName = DesertsLovers;
			productReference = E8A54CB92B02593E0008AE50 /* DesertsLovers.app */;
			productType = "com.apple.product-type.application";
		};
/* End PBXNativeTarget section */

/* Begin PBXProject section */
		E8A54CB12B02593E0008AE50 /* Project object */ = {
			isa = PBXProject;
			attributes = {
				BuildIndependentTargetsInParallel = 1;
				LastSwiftUpdateCheck = 1420;
				LastUpgradeCheck = 1420;
				TargetAttributes = {
					E8A54CB82B02593E0008AE50 = {
						CreatedOnToolsVersion = 14.2;
					};
				};
			};
			buildConfigurationList = E8A54CB42B02593E0008AE50 /* Build configuration list for PBXProject "DesertsLovers" */;
			compatibilityVersion = "Xcode 14.0";
			developmentRegion = en;
			hasScannedForEncodings = 0;
			knownRegions = (
				en,
				Base,
			);
			mainGroup = E8A54CB02B02593E0008AE50;
			packageReferences = (
			);
			productRefGroup = E8A54CBA2B02593E0008AE50 /* Products */;
			projectDirPath = "";
			projectRoot = "";
			targets = (
				E8A54CB82B02593E0008AE50 /* DesertsLovers */,
			);
		};
/* End PBXProject section */

/* Begin PBXResourcesBuildPhase section */
		E8A54CB72B02593E0008AE50 /* Resources */ = {
			isa = PBXResourcesBuildPhase;
			buildActionMask = 2147483647;
			files = (
				E8A54CC42B0259460008AE50 /* Preview Assets.xcassets in Resources */,
				E8A54CC12B0259460008AE50 /* Assets.xcassets in Resources */,
			);
			runOnlyForDeploymentPostprocessing = 0;
		};
/* End PBXResourcesBuildPhase section */

/* Begin PBXSourcesBuildPhase section */
		E8A54CB52B02593E0008AE50 /* Sources */ = {
			isa = PBXSourcesBuildPhase;
			buildActionMask = 2147483647;
			files = (
				E81B79262B02AC5400A572A4 /* FeaturedMealsView.swift in Sources */,
				E81B792A2B02AD0C00A572A4 /* SingleMealCardView.swift in Sources */,
				E81B793B2B030E5700A572A4 /* DessertDetailView.swift in Sources */,
				E81B79432B0318EB00A572A4 /* DessertListView.swift in Sources */,
				E81B793E2B03140000A572A4 /* Favorites.swift in Sources */,
				E81B79412B03172A00A572A4 /* NetworkManager.swift in Sources */,
				E8A54CBF2B02593E0008AE50 /* ContentView.swift in Sources */,
				E81B79302B03051A00A572A4 /* CustomPillSUButton.swift in Sources */,
				E81B792C2B02F8B600A572A4 /* RoundedCornersImageView.swift in Sources */,
				E81B79282B02AC7D00A572A4 /* CustomLabelView.swift in Sources */,
				E8A54CCB2B0259BC0008AE50 /* Home.swift in Sources */,
				E8A54CCD2B025A490008AE50 /* AppViewModel.swift in Sources */,
				E81B792E2B0302A200A572A4 /* FeaturedMealPopUp.swift in Sources */,
				E81B79332B03079700A572A4 /* Meals.swift in Sources */,
				E81B79392B030D8E00A572A4 /* FavoriteManager.swift in Sources */,
				E81B79362B03081C00A572A4 /* TabBarView.swift in Sources */,
				E8A54CBD2B02593E0008AE50 /* DesertsLoversApp.swift in Sources */,
			);
			runOnlyForDeploymentPostprocessing = 0;
		};
/* End PBXSourcesBuildPhase section */

/* Begin XCBuildConfiguration section */
		E8A54CC52B0259460008AE50 /* Debug */ = {
			isa = XCBuildConfiguration;
			buildSettings = {
				ALWAYS_SEARCH_USER_PATHS = NO;
				CLANG_ANALYZER_NONNULL = YES;
				CLANG_ANALYZER_NUMBER_OBJECT_CONVERSION = YES_AGGRESSIVE;
				CLANG_CXX_LANGUAGE_STANDARD = "gnu++20";
				CLANG_ENABLE_MODULES = YES;
				CLANG_ENABLE_OBJC_ARC = YES;
				CLANG_ENABLE_OBJC_WEAK = YES;
				CLANG_WARN_BLOCK_CAPTURE_AUTORELEASING = YES;
				CLANG_WARN_BOOL_CONVERSION = YES;
				CLANG_WARN_COMMA = YES;
				CLANG_WARN_CONSTANT_CONVERSION = YES;
				CLANG_WARN_DEPRECATED_OBJC_IMPLEMENTATIONS = YES;
				CLANG_WARN_DIRECT_OBJC_ISA_USAGE = YES_ERROR;
				CLANG_WARN_DOCUMENTATION_COMMENTS = YES;
				CLANG_WARN_EMPTY_BODY = YES;
				CLANG_WARN_ENUM_CONVERSION = YES;
				CLANG_WARN_INFINITE_RECURSION = YES;
				CLANG_WARN_INT_CONVERSION = YES;
				CLANG_WARN_NON_LITERAL_NULL_CONVERSION = YES;
				CLANG_WARN_OBJC_IMPLICIT_RETAIN_SELF = YES;
				CLANG_WARN_OBJC_LITERAL_CONVERSION = YES;
				CLANG_WARN_OBJC_ROOT_CLASS = YES_ERROR;
				CLANG_WARN_QUOTED_INCLUDE_IN_FRAMEWORK_HEADER = YES;
				CLANG_WARN_RANGE_LOOP_ANALYSIS = YES;
				CLANG_WARN_STRICT_PROTOTYPES = YES;
				CLANG_WARN_SUSPICIOUS_MOVE = YES;
				CLANG_WARN_UNGUARDED_AVAILABILITY = YES_AGGRESSIVE;
				CLANG_WARN_UNREACHABLE_CODE = YES;
				CLANG_WARN__DUPLICATE_METHOD_MATCH = YES;
				COPY_PHASE_STRIP = NO;
				DEBUG_INFORMATION_FORMAT = dwarf;
				ENABLE_STRICT_OBJC_MSGSEND = YES;
				ENABLE_TESTABILITY = YES;
				GCC_C_LANGUAGE_STANDARD = gnu11;
				GCC_DYNAMIC_NO_PIC = NO;
				GCC_NO_COMMON_BLOCKS = YES;
				GCC_OPTIMIZATION_LEVEL = 0;
				GCC_PREPROCESSOR_DEFINITIONS = (
					"DEBUG=1",
					"$(inherited)",
				);
				GCC_WARN_64_TO_32_BIT_CONVERSION = YES;
				GCC_WARN_ABOUT_RETURN_TYPE = YES_ERROR;
				GCC_WARN_UNDECLARED_SELECTOR = YES;
				GCC_WARN_UNINITIALIZED_AUTOS = YES_AGGRESSIVE;
				GCC_WARN_UNUSED_FUNCTION = YES;
				GCC_WARN_UNUSED_VARIABLE = YES;
				IPHONEOS_DEPLOYMENT_TARGET = 16.2;
				MTL_ENABLE_DEBUG_INFO = INCLUDE_SOURCE;
				MTL_FAST_MATH = YES;
				ONLY_ACTIVE_ARCH = YES;
				SDKROOT = iphoneos;
				SWIFT_ACTIVE_COMPILATION_CONDITIONS = DEBUG;
				SWIFT_OPTIMIZATION_LEVEL = "-Onone";
			};
			name = Debug;
		};
		E8A54CC62B0259460008AE50 /* Release */ = {
			isa = XCBuildConfiguration;
			buildSettings = {
				ALWAYS_SEARCH_USER_PATHS = NO;
				CLANG_ANALYZER_NONNULL = YES;
				CLANG_ANALYZER_NUMBER_OBJECT_CONVERSION = YES_AGGRESSIVE;
				CLANG_CXX_LANGUAGE_STANDARD = "gnu++20";
				CLANG_ENABLE_MODULES = YES;
				CLANG_ENABLE_OBJC_ARC = YES;
				CLANG_ENABLE_OBJC_WEAK = YES;
				CLANG_WARN_BLOCK_CAPTURE_AUTORELEASING = YES;
				CLANG_WARN_BOOL_CONVERSION = YES;
				CLANG_WARN_COMMA = YES;
				CLANG_WARN_CONSTANT_CONVERSION = YES;
				CLANG_WARN_DEPRECATED_OBJC_IMPLEMENTATIONS = YES;
				CLANG_WARN_DIRECT_OBJC_ISA_USAGE = YES_ERROR;
				CLANG_WARN_DOCUMENTATION_COMMENTS = YES;
				CLANG_WARN_EMPTY_BODY = YES;
				CLANG_WARN_ENUM_CONVERSION = YES;
				CLANG_WARN_INFINITE_RECURSION = YES;
				CLANG_WARN_INT_CONVERSION = YES;
				CLANG_WARN_NON_LITERAL_NULL_CONVERSION = YES;
				CLANG_WARN_OBJC_IMPLICIT_RETAIN_SELF = YES;
				CLANG_WARN_OBJC_LITERAL_CONVERSION = YES;
				CLANG_WARN_OBJC_ROOT_CLASS = YES_ERROR;
				CLANG_WARN_QUOTED_INCLUDE_IN_FRAMEWORK_HEADER = YES;
				CLANG_WARN_RANGE_LOOP_ANALYSIS = YES;
				CLANG_WARN_STRICT_PROTOTYPES = YES;
				CLANG_WARN_SUSPICIOUS_MOVE = YES;
				CLANG_WARN_UNGUARDED_AVAILABILITY = YES_AGGRESSIVE;
				CLANG_WARN_UNREACHABLE_CODE = YES;
				CLANG_WARN__DUPLICATE_METHOD_MATCH = YES;
				COPY_PHASE_STRIP = NO;
				DEBUG_INFORMATION_FORMAT = "dwarf-with-dsym";
				ENABLE_NS_ASSERTIONS = NO;
				ENABLE_STRICT_OBJC_MSGSEND = YES;
				GCC_C_LANGUAGE_STANDARD = gnu11;
				GCC_NO_COMMON_BLOCKS = YES;
				GCC_WARN_64_TO_32_BIT_CONVERSION = YES;
				GCC_WARN_ABOUT_RETURN_TYPE = YES_ERROR;
				GCC_WARN_UNDECLARED_SELECTOR = YES;
				GCC_WARN_UNINITIALIZED_AUTOS = YES_AGGRESSIVE;
				GCC_WARN_UNUSED_FUNCTION = YES;
				GCC_WARN_UNUSED_VARIABLE = YES;
				IPHONEOS_DEPLOYMENT_TARGET = 16.2;
				MTL_ENABLE_DEBUG_INFO = NO;
				MTL_FAST_MATH = YES;
				SDKROOT = iphoneos;
				SWIFT_COMPILATION_MODE = wholemodule;
				SWIFT_OPTIMIZATION_LEVEL = "-O";
				VALIDATE_PRODUCT = YES;
			};
			name = Release;
		};
		E8A54CC82B0259460008AE50 /* Debug */ = {
			isa = XCBuildConfiguration;
			buildSettings = {
				ASSETCATALOG_COMPILER_APPICON_NAME = AppIcon;
				ASSETCATALOG_COMPILER_GLOBAL_ACCENT_COLOR_NAME = AccentColor;
				CODE_SIGN_STYLE = Automatic;
				CURRENT_PROJECT_VERSION = 1;
				DEVELOPMENT_ASSET_PATHS = "\"DesertsLovers/Preview Content\"";
				DEVELOPMENT_TEAM = WCYKWTBZ5Q;
				ENABLE_PREVIEWS = YES;
				GENERATE_INFOPLIST_FILE = YES;
				INFOPLIST_KEY_UIApplicationSceneManifest_Generation = YES;
				INFOPLIST_KEY_UIApplicationSupportsIndirectInputEvents = YES;
				INFOPLIST_KEY_UILaunchScreen_Generation = YES;
				INFOPLIST_KEY_UISupportedInterfaceOrientations_iPad = "UIInterfaceOrientationPortrait UIInterfaceOrientationPortraitUpsideDown UIInterfaceOrientationLandscapeLeft UIInterfaceOrientationLandscapeRight";
				INFOPLIST_KEY_UISupportedInterfaceOrientations_iPhone = "UIInterfaceOrientationPortrait UIInterfaceOrientationLandscapeLeft UIInterfaceOrientationLandscapeRight";
				LD_RUNPATH_SEARCH_PATHS = (
					"$(inherited)",
					"@executable_path/Frameworks",
				);
				MARKETING_VERSION = 1.0;
				PRODUCT_BUNDLE_IDENTIFIER = com.leandroDiaz.DesertsLovers;
				PRODUCT_NAME = "$(TARGET_NAME)";
				SWIFT_EMIT_LOC_STRINGS = YES;
				SWIFT_VERSION = 5.0;
				TARGETED_DEVICE_FAMILY = "1,2";
			};
			name = Debug;
		};
		E8A54CC92B0259460008AE50 /* Release */ = {
			isa = XCBuildConfiguration;
			buildSettings = {
				ASSETCATALOG_COMPILER_APPICON_NAME = AppIcon;
				ASSETCATALOG_COMPILER_GLOBAL_ACCENT_COLOR_NAME = AccentColor;
				CODE_SIGN_STYLE = Automatic;
				CURRENT_PROJECT_VERSION = 1;
				DEVELOPMENT_ASSET_PATHS = "\"DesertsLovers/Preview Content\"";
				DEVELOPMENT_TEAM = WCYKWTBZ5Q;
				ENABLE_PREVIEWS = YES;
				GENERATE_INFOPLIST_FILE = YES;
				INFOPLIST_KEY_UIApplicationSceneManifest_Generation = YES;
				INFOPLIST_KEY_UIApplicationSupportsIndirectInputEvents = YES;
				INFOPLIST_KEY_UILaunchScreen_Generation = YES;
				INFOPLIST_KEY_UISupportedInterfaceOrientations_iPad = "UIInterfaceOrientationPortrait UIInterfaceOrientationPortraitUpsideDown UIInterfaceOrientationLandscapeLeft UIInterfaceOrientationLandscapeRight";
				INFOPLIST_KEY_UISupportedInterfaceOrientations_iPhone = "UIInterfaceOrientationPortrait UIInterfaceOrientationLandscapeLeft UIInterfaceOrientationLandscapeRight";
				LD_RUNPATH_SEARCH_PATHS = (
					"$(inherited)",
					"@executable_path/Frameworks",
				);
				MARKETING_VERSION = 1.0;
				PRODUCT_BUNDLE_IDENTIFIER = com.leandroDiaz.DesertsLovers;
				PRODUCT_NAME = "$(TARGET_NAME)";
				SWIFT_EMIT_LOC_STRINGS = YES;
				SWIFT_VERSION = 5.0;
				TARGETED_DEVICE_FAMILY = "1,2";
			};
			name = Release;
		};
/* End XCBuildConfiguration section */

/* Begin XCConfigurationList section */
		E8A54CB42B02593E0008AE50 /* Build configuration list for PBXProject "DesertsLovers" */ = {
			isa = XCConfigurationList;
			buildConfigurations = (
				E8A54CC52B0259460008AE50 /* Debug */,
				E8A54CC62B0259460008AE50 /* Release */,
			);
			defaultConfigurationIsVisible = 0;
			defaultConfigurationName = Release;
		};
		E8A54CC72B0259460008AE50 /* Build configuration list for PBXNativeTarget "DesertsLovers" */ = {
			isa = XCConfigurationList;
			buildConfigurations = (
				E8A54CC82B0259460008AE50 /* Debug */,
				E8A54CC92B0259460008AE50 /* Release */,
			);
			defaultConfigurationIsVisible = 0;
			defaultConfigurationName = Release;
		};
/* End XCConfigurationList section */
	};
	rootObject = E8A54CB12B02593E0008AE50 /* Project object */;
}
